{
  "requires": true,
  "lockfileVersion": 1,
  "dependencies": {
    "geojson-random": {
      "version": "0.2.2",
      "resolved": "https://registry.npmjs.org/geojson-random/-/geojson-random-0.2.2.tgz",
      "integrity": "sha1-q0g48SatxeFvj5TmVd74IPkRnbw="
    },
    "minimist": {
      "version": "1.2.0",
      "resolved": "https://registry.npmjs.org/minimist/-/minimist-1.2.0.tgz",
      "integrity": "sha1-o1AIsg9BOD7sH7kU9M1d95omQoQ="
    },
    "random-points-on-polygon": {
      "version": "0.0.4",
      "resolved": "https://registry.npmjs.org/random-points-on-polygon/-/random-points-on-polygon-0.0.4.tgz",
      "integrity": "sha1-6vMZIlM1nzKlGKXIdtbo5mjwCs8=",
      "requires": {
        "turf-extent": "1.0.4",
        "turf-featurecollection": "1.0.1",
        "turf-inside": "1.1.4",
        "turf-random": "1.0.2"
      }
    },
    "turf-extent": {
      "version": "1.0.4",
      "resolved": "https://registry.npmjs.org/turf-extent/-/turf-extent-1.0.4.tgz",
      "integrity": "sha1-nyjOEa+RatqIhioGIHRli6P+DwE=",
      "requires": {
        "turf-meta": "1.0.2"
      }
    },
    "turf-featurecollection": {
      "version": "1.0.1",
      "resolved": "https://registry.npmjs.org/turf-featurecollection/-/turf-featurecollection-1.0.1.tgz",
      "integrity": "sha1-7M0c+RJBdr/G2xl8u0XW3lX3JMU="
    },
    "turf-inside": {
      "version": "1.1.4",
      "resolved": "https://registry.npmjs.org/turf-inside/-/turf-inside-1.1.4.tgz",
      "integrity": "sha1-mpgL0RNZXASCZFnKat/9qnlVP7E=",
      "requires": {
        "minimist": "1.2.0"
      }
    },
    "turf-meta": {
      "version": "1.0.2",
      "resolved": "https://registry.npmjs.org/turf-meta/-/turf-meta-1.0.2.tgz",
      "integrity": "sha1-dNTElZOOskdypwsxoVfuPU/Wuhs="
    },
    "turf-random": {
      "version": "1.0.2",
      "resolved": "https://registry.npmjs.org/turf-random/-/turf-random-1.0.2.tgz",
      "integrity": "sha1-OYYyCCCG62K1b3jmZ3dnX1cgwmM=",
      "requires": {
        "geojson-random": "0.2.2"
      }
    }
  }
}
